
Microsoft Visual Studio Solution File, Format Version 12.00
# Visual Studio Version 17
VisualStudioVersion = 17.14.36203.30 d17.14
MinimumVisualStudioVersion = 10.0.40219.1
Project("{FAE04EC0-301F-11D3-BF4B-00C04F79EFBC}") = "DataBaseAsync", "DataBaseAsync\DataBaseAsync.csproj", "{EA109A06-567A-4D12-86EC-B1712063A6F0}"
EndProject
Project("{FAE04EC0-301F-11D3-BF4B-00C04F79EFBC}") = "DataBaseAsync.Tests", "DataBaseAsync.Tests\DataBaseAsync.Tests.csproj", "{B8F3E2A1-1234-5678-9ABC-DEF012345678}"
EndProject
Global
	GlobalSection(SolutionConfigurationPlatforms) = preSolution
		Debug|Any CPU = Debug|Any CPU
		Release|Any CPU = Release|Any CPU
	EndGlobalSection
	GlobalSection(ProjectConfigurationPlatforms) = postSolution
		{EA109A06-567A-4D12-86EC-B1712063A6F0}.Debug|Any CPU.ActiveCfg = Debug|Any CPU
		{EA109A06-567A-4D12-86EC-B1712063A6F0}.Debug|Any CPU.Build.0 = Debug|Any CPU
		{EA109A06-567A-4D12-86EC-B1712063A6F0}.Release|Any CPU.ActiveCfg = Release|Any CPU
		{EA109A06-567A-4D12-86EC-B1712063A6F0}.Release|Any CPU.Build.0 = Release|Any CPU
		{B8F3E2A1-1234-5678-9ABC-DEF012345678}.Debug|Any CPU.ActiveCfg = Debug|Any CPU
		{B8F3E2A1-1234-5678-9ABC-DEF012345678}.Debug|Any CPU.Build.0 = Debug|Any CPU
		{B8F3E2A1-1234-5678-9ABC-DEF012345678}.Release|Any CPU.ActiveCfg = Release|Any CPU
		{B8F3E2A1-1234-5678-9ABC-DEF012345678}.Release|Any CPU.Build.0 = Release|Any CPU
	EndGlobalSection
	GlobalSection(SolutionProperties) = preSolution
		HideSolutionNode = FALSE
	EndGlobalSection
	GlobalSection(ExtensibilityGlobals) = postSolution
		SolutionGuid = {AEB541D4-3AAB-4517-9E7A-4E503F2FAA06}
	EndGlobalSection
EndGlobal
